
Microsoft Visual Studio Solution File, Format Version 11.00
# Visual Studio 2010
Project("{FAE04EC0-301F-11D3-BF4B-00C04F79EFBC}") = "Parrot.Tests", "Parrot.Tests\Parrot.Tests.csproj", "{E051D45B-7233-4CFF-9EF3-09FBCC9E7FC0}"
EndProject
Project("{FAE04EC0-301F-11D3-BF4B-00C04F79EFBC}") = "Parrot", "Parrot\Parrot.csproj", "{8B2755CC-1228-43E3-A2F3-7E11EDB5A908}"
EndProject
Project("{2150E333-8FDC-42A3-9474-1A3956D46DE8}") = "Solution Items", "Solution Items", "{459AC540-0A66-4483-875B-BBB108A2A8CB}"
	ProjectSection(SolutionItems) = preProject
		Local.testsettings = Local.testsettings
		Parrot.vsmdi = Parrot.vsmdi
		TraceAndTestImpact.testsettings = TraceAndTestImpact.testsettings
	EndProjectSection
EndProject
Project("{2150E333-8FDC-42A3-9474-1A3956D46DE8}") = "Lib", "Lib", "{E2B00325-5B1E-42F8-835F-2F64898A60EF}"
	ProjectSection(SolutionItems) = preProject
		Lib\Db44.Security.Cryptography.dll = Lib\Db44.Security.Cryptography.dll
		Lib\log4net.dll = Lib\log4net.dll
		Lib\Microsoft.Practices.EnterpriseLibrary.Common.dll = Lib\Microsoft.Practices.EnterpriseLibrary.Common.dll
		Lib\Microsoft.Practices.EnterpriseLibrary.Security.Cryptography.dll = Lib\Microsoft.Practices.EnterpriseLibrary.Security.Cryptography.dll
		Lib\Microsoft.Practices.ServiceLocation.dll = Lib\Microsoft.Practices.ServiceLocation.dll
	EndProjectSection
EndProject
Global
	GlobalSection(TestCaseManagementSettings) = postSolution
		CategoryFile = Parrot.vsmdi
	EndGlobalSection
	GlobalSection(SolutionConfigurationPlatforms) = preSolution
		Debug|Any CPU = Debug|Any CPU
		Debug|Mixed Platforms = Debug|Mixed Platforms
		Debug|x86 = Debug|x86
		Release|Any CPU = Release|Any CPU
		Release|Mixed Platforms = Release|Mixed Platforms
		Release|x86 = Release|x86
	EndGlobalSection
	GlobalSection(ProjectConfigurationPlatforms) = postSolution
		{E051D45B-7233-4CFF-9EF3-09FBCC9E7FC0}.Debug|Any CPU.ActiveCfg = Debug|Any CPU
		{E051D45B-7233-4CFF-9EF3-09FBCC9E7FC0}.Debug|Any CPU.Build.0 = Debug|Any CPU
		{E051D45B-7233-4CFF-9EF3-09FBCC9E7FC0}.Debug|Mixed Platforms.ActiveCfg = Debug|Any CPU
		{E051D45B-7233-4CFF-9EF3-09FBCC9E7FC0}.Debug|Mixed Platforms.Build.0 = Debug|Any CPU
		{E051D45B-7233-4CFF-9EF3-09FBCC9E7FC0}.Debug|x86.ActiveCfg = Debug|Any CPU
		{E051D45B-7233-4CFF-9EF3-09FBCC9E7FC0}.Release|Any CPU.ActiveCfg = Release|Any CPU
		{E051D45B-7233-4CFF-9EF3-09FBCC9E7FC0}.Release|Any CPU.Build.0 = Release|Any CPU
		{E051D45B-7233-4CFF-9EF3-09FBCC9E7FC0}.Release|Mixed Platforms.ActiveCfg = Release|Any CPU
		{E051D45B-7233-4CFF-9EF3-09FBCC9E7FC0}.Release|Mixed Platforms.Build.0 = Release|Any CPU
		{E051D45B-7233-4CFF-9EF3-09FBCC9E7FC0}.Release|x86.ActiveCfg = Release|Any CPU
		{8B2755CC-1228-43E3-A2F3-7E11EDB5A908}.Debug|Any CPU.ActiveCfg = Debug|x86
		{8B2755CC-1228-43E3-A2F3-7E11EDB5A908}.Debug|Mixed Platforms.ActiveCfg = Debug|x86
		{8B2755CC-1228-43E3-A2F3-7E11EDB5A908}.Debug|Mixed Platforms.Build.0 = Debug|x86
		{8B2755CC-1228-43E3-A2F3-7E11EDB5A908}.Debug|x86.ActiveCfg = Debug|x86
		{8B2755CC-1228-43E3-A2F3-7E11EDB5A908}.Debug|x86.Build.0 = Debug|x86
		{8B2755CC-1228-43E3-A2F3-7E11EDB5A908}.Release|Any CPU.ActiveCfg = Release|x86
		{8B2755CC-1228-43E3-A2F3-7E11EDB5A908}.Release|Mixed Platforms.ActiveCfg = Release|x86
		{8B2755CC-1228-43E3-A2F3-7E11EDB5A908}.Release|Mixed Platforms.Build.0 = Release|x86
		{8B2755CC-1228-43E3-A2F3-7E11EDB5A908}.Release|x86.ActiveCfg = Release|x86
		{8B2755CC-1228-43E3-A2F3-7E11EDB5A908}.Release|x86.Build.0 = Release|x86
	EndGlobalSection
	GlobalSection(SolutionProperties) = preSolution
		HideSolutionNode = FALSE
	EndGlobalSection
EndGlobal
